// !$*UTF8*$!
{
	archiveVersion = 1;
	classes = {
	};
	objectVersion = 56;
	objects = {

/* Begin PBXBuildFile section */
		450A1D2A2A238B9700AE71B9 /* MediaExp02MacApp.swift in Sources */ = {isa = PBXBuildFile; fileRef = 450A1D292A238B9700AE71B9 /* MediaExp02MacApp.swift */; };
		450A1D2C2A238B9700AE71B9 /* ContentView.swift in Sources */ = {isa = PBXBuildFile; fileRef = 450A1D2B2A238B9700AE71B9 /* ContentView.swift */; };
		450A1D2E2A238B9900AE71B9 /* Assets.xcassets in Resources */ = {isa = PBXBuildFile; fileRef = 450A1D2D2A238B9900AE71B9 /* Assets.xcassets */; };
		450A1D312A238B9900AE71B9 /* Preview Assets.xcassets in Resources */ = {isa = PBXBuildFile; fileRef = 450A1D302A238B9900AE71B9 /* Preview Assets.xcassets */; };
		450A1D3C2A238B9900AE71B9 /* MediaExp02MacTests.swift in Sources */ = {isa = PBXBuildFile; fileRef = 450A1D3B2A238B9900AE71B9 /* MediaExp02MacTests.swift */; };
		450A1D462A238B9900AE71B9 /* MediaExp02MacUITests.swift in Sources */ = {isa = PBXBuildFile; fileRef = 450A1D452A238B9900AE71B9 /* MediaExp02MacUITests.swift */; };
		450A1D482A238B9900AE71B9 /* MediaExp02MacUITestsLaunchTests.swift in Sources */ = {isa = PBXBuildFile; fileRef = 450A1D472A238B9900AE71B9 /* MediaExp02MacUITestsLaunchTests.swift */; };
		450A1D552A238BBE00AE71B9 /* Decoder.swift in Sources */ = {isa = PBXBuildFile; fileRef = 450A1D542A238BBE00AE71B9 /* Decoder.swift */; };
		450A1D592A238DBE00AE71B9 /* TAppDecoder in Resources */ = {isa = PBXBuildFile; fileRef = 450A1D582A238DBD00AE71B9 /* TAppDecoder */; };
		450A1D632A23930100AE71B9 /* main.swift in Sources */ = {isa = PBXBuildFile; fileRef = 450A1D622A23930100AE71B9 /* main.swift */; };
		450A1D7D2A2396B700AE71B9 /* 1.bin in Resources */ = {isa = PBXBuildFile; fileRef = 450A1D702A23932B00AE71B9 /* 1.bin */; };
		450A1D7E2A2396B700AE71B9 /* 2.bin in Resources */ = {isa = PBXBuildFile; fileRef = 450A1D682A23932B00AE71B9 /* 2.bin */; };
		450A1D7F2A2396B700AE71B9 /* 3.bin in Resources */ = {isa = PBXBuildFile; fileRef = 450A1D6A2A23932B00AE71B9 /* 3.bin */; };
		450A1D802A2396B700AE71B9 /* 4.bin in Resources */ = {isa = PBXBuildFile; fileRef = 450A1D6D2A23932B00AE71B9 /* 4.bin */; };
		450A1D812A2396B700AE71B9 /* 5.bin in Resources */ = {isa = PBXBuildFile; fileRef = 450A1D712A23932B00AE71B9 /* 5.bin */; };
		450A1D822A2396B700AE71B9 /* 6.bin in Resources */ = {isa = PBXBuildFile; fileRef = 450A1D6B2A23932B00AE71B9 /* 6.bin */; };
		450A1D832A2396B700AE71B9 /* 7.bin in Resources */ = {isa = PBXBuildFile; fileRef = 450A1D692A23932B00AE71B9 /* 7.bin */; };
		450A1D842A2396B700AE71B9 /* 8.bin in Resources */ = {isa = PBXBuildFile; fileRef = 450A1D6C2A23932B00AE71B9 /* 8.bin */; };
		450A1D852A2396B700AE71B9 /* 9.bin in Resources */ = {isa = PBXBuildFile; fileRef = 450A1D6E2A23932B00AE71B9 /* 9.bin */; };
		450A1D862A2396B700AE71B9 /* 10.bin in Resources */ = {isa = PBXBuildFile; fileRef = 450A1D6F2A23932B00AE71B9 /* 10.bin */; };
		450A1D8A2A23AB7700AE71B9 /* socket.swift in Sources */ = {isa = PBXBuildFile; fileRef = 450A1D892A23AB7700AE71B9 /* socket.swift */; };
		450A1D932A23B81200AE71B9 /* main.swift in Sources */ = {isa = PBXBuildFile; fileRef = 450A1D922A23B81200AE71B9 /* main.swift */; };
		450A1D972A23B82700AE71B9 /* socket.swift in Sources */ = {isa = PBXBuildFile; fileRef = 450A1D892A23AB7700AE71B9 /* socket.swift */; };
		450A1D982A23C3F500AE71B9 /* socket.swift in Sources */ = {isa = PBXBuildFile; fileRef = 450A1D892A23AB7700AE71B9 /* socket.swift */; };
		45E29D902A246F7600FE2B1E /* MediaViewModel.swift in Sources */ = {isa = PBXBuildFile; fileRef = 45E29D8F2A246F7600FE2B1E /* MediaViewModel.swift */; };
		45E29D922A24915800FE2B1E /* Frames.swift in Sources */ = {isa = PBXBuildFile; fileRef = 45E29D912A24915800FE2B1E /* Frames.swift */; };
/* End PBXBuildFile section */

/* Begin PBXContainerItemProxy section */
		450A1D382A238B9900AE71B9 /* PBXContainerItemProxy */ = {
			isa = PBXContainerItemProxy;
			containerPortal = 450A1D1E2A238B9700AE71B9 /* Project object */;
			proxyType = 1;
			remoteGlobalIDString = 450A1D252A238B9700AE71B9;
			remoteInfo = MediaExp02Mac;
		};
		450A1D422A238B9900AE71B9 /* PBXContainerItemProxy */ = {
			isa = PBXContainerItemProxy;
			containerPortal = 450A1D1E2A238B9700AE71B9 /* Project object */;
			proxyType = 1;
			remoteGlobalIDString = 450A1D252A238B9700AE71B9;
			remoteInfo = MediaExp02Mac;
		};
/* End PBXContainerItemProxy section */

/* Begin PBXCopyFilesBuildPhase section */
		450A1D5E2A23930100AE71B9 /* CopyFiles */ = {
			isa = PBXCopyFilesBuildPhase;
			buildActionMask = 12;
			dstPath = usr/share/man/man1;
			dstSubfolderSpec = 7;
			files = (
			);
			runOnlyForDeploymentPostprocessing = 0;
		};
		450A1D8E2A23B81200AE71B9 /* CopyFiles */ = {
			isa = PBXCopyFilesBuildPhase;
			buildActionMask = 2147483647;
			dstPath = /usr/share/man/man1/;
			dstSubfolderSpec = 0;
			files = (
			);
			runOnlyForDeploymentPostprocessing = 1;
		};
/* End PBXCopyFilesBuildPhase section */

/* Begin PBXFileReference section */
		450A1D262A238B9700AE71B9 /* MediaExp02Mac.app */ = {isa = PBXFileReference; explicitFileType = wrapper.application; includeInIndex = 0; path = MediaExp02Mac.app; sourceTree = BUILT_PRODUCTS_DIR; };
		450A1D292A238B9700AE71B9 /* MediaExp02MacApp.swift */ = {isa = PBXFileReference; lastKnownFileType = sourcecode.swift; path = MediaExp02MacApp.swift; sourceTree = "<group>"; };
		450A1D2B2A238B9700AE71B9 /* ContentView.swift */ = {isa = PBXFileReference; lastKnownFileType = sourcecode.swift; path = ContentView.swift; sourceTree = "<group>"; };
		450A1D2D2A238B9900AE71B9 /* Assets.xcassets */ = {isa = PBXFileReference; lastKnownFileType = folder.assetcatalog; path = Assets.xcassets; sourceTree = "<group>"; };
		450A1D302A238B9900AE71B9 /* Preview Assets.xcassets */ = {isa = PBXFileReference; lastKnownFileType = folder.assetcatalog; path = "Preview Assets.xcassets"; sourceTree = "<group>"; };
		450A1D322A238B9900AE71B9 /* MediaExp02Mac.entitlements */ = {isa = PBXFileReference; lastKnownFileType = text.plist.entitlements; path = MediaExp02Mac.entitlements; sourceTree = "<group>"; };
		450A1D372A238B9900AE71B9 /* MediaExp02MacTests.xctest */ = {isa = PBXFileReference; explicitFileType = wrapper.cfbundle; includeInIndex = 0; path = MediaExp02MacTests.xctest; sourceTree = BUILT_PRODUCTS_DIR; };
		450A1D3B2A238B9900AE71B9 /* MediaExp02MacTests.swift */ = {isa = PBXFileReference; lastKnownFileType = sourcecode.swift; path = MediaExp02MacTests.swift; sourceTree = "<group>"; };
		450A1D412A238B9900AE71B9 /* MediaExp02MacUITests.xctest */ = {isa = PBXFileReference; explicitFileType = wrapper.cfbundle; includeInIndex = 0; path = MediaExp02MacUITests.xctest; sourceTree = BUILT_PRODUCTS_DIR; };
		450A1D452A238B9900AE71B9 /* MediaExp02MacUITests.swift */ = {isa = PBXFileReference; lastKnownFileType = sourcecode.swift; path = MediaExp02MacUITests.swift; sourceTree = "<group>"; };
		450A1D472A238B9900AE71B9 /* MediaExp02MacUITestsLaunchTests.swift */ = {isa = PBXFileReference; lastKnownFileType = sourcecode.swift; path = MediaExp02MacUITestsLaunchTests.swift; sourceTree = "<group>"; };
		450A1D542A238BBE00AE71B9 /* Decoder.swift */ = {isa = PBXFileReference; lastKnownFileType = sourcecode.swift; path = Decoder.swift; sourceTree = "<group>"; };
		450A1D582A238DBD00AE71B9 /* TAppDecoder */ = {isa = PBXFileReference; lastKnownFileType = "compiled.mach-o.executable"; path = TAppDecoder; sourceTree = "<group>"; };
		450A1D602A23930100AE71B9 /* MediaExp02Server */ = {isa = PBXFileReference; explicitFileType = "compiled.mach-o.executable"; includeInIndex = 0; path = MediaExp02Server; sourceTree = BUILT_PRODUCTS_DIR; };
		450A1D622A23930100AE71B9 /* main.swift */ = {isa = PBXFileReference; lastKnownFileType = sourcecode.swift; path = main.swift; sourceTree = "<group>"; };
		450A1D682A23932B00AE71B9 /* 2.bin */ = {isa = PBXFileReference; lastKnownFileType = archive.macbinary; path = 2.bin; sourceTree = "<group>"; };
		450A1D692A23932B00AE71B9 /* 7.bin */ = {isa = PBXFileReference; lastKnownFileType = archive.macbinary; path = 7.bin; sourceTree = "<group>"; };
		450A1D6A2A23932B00AE71B9 /* 3.bin */ = {isa = PBXFileReference; lastKnownFileType = archive.macbinary; path = 3.bin; sourceTree = "<group>"; };
		450A1D6B2A23932B00AE71B9 /* 6.bin */ = {isa = PBXFileReference; lastKnownFileType = archive.macbinary; path = 6.bin; sourceTree = "<group>"; };
		450A1D6C2A23932B00AE71B9 /* 8.bin */ = {isa = PBXFileReference; lastKnownFileType = archive.macbinary; path = 8.bin; sourceTree = "<group>"; };
		450A1D6D2A23932B00AE71B9 /* 4.bin */ = {isa = PBXFileReference; lastKnownFileType = archive.macbinary; path = 4.bin; sourceTree = "<group>"; };
		450A1D6E2A23932B00AE71B9 /* 9.bin */ = {isa = PBXFileReference; lastKnownFileType = archive.macbinary; path = 9.bin; sourceTree = "<group>"; };
		450A1D6F2A23932B00AE71B9 /* 10.bin */ = {isa = PBXFileReference; lastKnownFileType = archive.macbinary; path = 10.bin; sourceTree = "<group>"; };
		450A1D702A23932B00AE71B9 /* 1.bin */ = {isa = PBXFileReference; lastKnownFileType = archive.macbinary; path = 1.bin; sourceTree = "<group>"; };
		450A1D712A23932B00AE71B9 /* 5.bin */ = {isa = PBXFileReference; lastKnownFileType = archive.macbinary; path = 5.bin; sourceTree = "<group>"; };
		450A1D892A23AB7700AE71B9 /* socket.swift */ = {isa = PBXFileReference; lastKnownFileType = sourcecode.swift; path = socket.swift; sourceTree = "<group>"; };
		450A1D902A23B81200AE71B9 /* MediaExp02Client */ = {isa = PBXFileReference; explicitFileType = "compiled.mach-o.executable"; includeInIndex = 0; path = MediaExp02Client; sourceTree = BUILT_PRODUCTS_DIR; };
		450A1D922A23B81200AE71B9 /* main.swift */ = {isa = PBXFileReference; lastKnownFileType = sourcecode.swift; path = main.swift; sourceTree = "<group>"; };
		45E29D8F2A246F7600FE2B1E /* MediaViewModel.swift */ = {isa = PBXFileReference; lastKnownFileType = sourcecode.swift; path = MediaViewModel.swift; sourceTree = "<group>"; };
		45E29D912A24915800FE2B1E /* Frames.swift */ = {isa = PBXFileReference; lastKnownFileType = sourcecode.swift; path = Frames.swift; sourceTree = "<group>"; };
/* End PBXFileReference section */

/* Begin PBXFrameworksBuildPhase section */
		450A1D232A238B9700AE71B9 /* Frameworks */ = {
			isa = PBXFrameworksBuildPhase;
			buildActionMask = 2147483647;
			files = (
			);
			runOnlyForDeploymentPostprocessing = 0;
		};
		450A1D342A238B9900AE71B9 /* Frameworks */ = {
			isa = PBXFrameworksBuildPhase;
			buildActionMask = 2147483647;
			files = (
			);
			runOnlyForDeploymentPostprocessing = 0;
		};
		450A1D3E2A238B9900AE71B9 /* Frameworks */ = {
			isa = PBXFrameworksBuildPhase;
			buildActionMask = 2147483647;
			files = (
			);
			runOnlyForDeploymentPostprocessing = 0;
		};
		450A1D5D2A23930100AE71B9 /* Frameworks */ = {
			isa = PBXFrameworksBuildPhase;
			buildActionMask = 2147483647;
			files = (
			);
			runOnlyForDeploymentPostprocessing = 0;
		};
		450A1D8D2A23B81200AE71B9 /* Frameworks */ = {
			isa = PBXFrameworksBuildPhase;
			buildActionMask = 2147483647;
			files = (
			);
			runOnlyForDeploymentPostprocessing = 0;
		};
/* End PBXFrameworksBuildPhase section */

/* Begin PBXGroup section */
		450A1D1D2A238B9700AE71B9 = {
			isa = PBXGroup;
			children = (
				450A1D282A238B9700AE71B9 /* MediaExp02Mac */,
				450A1D3A2A238B9900AE71B9 /* MediaExp02MacTests */,
				450A1D442A238B9900AE71B9 /* MediaExp02MacUITests */,
				450A1D612A23930100AE71B9 /* MediaExp02Server */,
				450A1D912A23B81200AE71B9 /* MediaExp02Client */,
				450A1D272A238B9700AE71B9 /* Products */,
			);
			sourceTree = "<group>";
		};
		450A1D272A238B9700AE71B9 /* Products */ = {
			isa = PBXGroup;
			children = (
				450A1D262A238B9700AE71B9 /* MediaExp02Mac.app */,
				450A1D372A238B9900AE71B9 /* MediaExp02MacTests.xctest */,
				450A1D412A238B9900AE71B9 /* MediaExp02MacUITests.xctest */,
				450A1D602A23930100AE71B9 /* MediaExp02Server */,
				450A1D902A23B81200AE71B9 /* MediaExp02Client */,
			);
			name = Products;
			sourceTree = "<group>";
		};
		450A1D282A238B9700AE71B9 /* MediaExp02Mac */ = {
			isa = PBXGroup;
			children = (
				450A1D582A238DBD00AE71B9 /* TAppDecoder */,
				450A1D292A238B9700AE71B9 /* MediaExp02MacApp.swift */,
				450A1D2B2A238B9700AE71B9 /* ContentView.swift */,
				45E29D8F2A246F7600FE2B1E /* MediaViewModel.swift */,
				450A1D542A238BBE00AE71B9 /* Decoder.swift */,
				45E29D912A24915800FE2B1E /* Frames.swift */,
				450A1D2D2A238B9900AE71B9 /* Assets.xcassets */,
				450A1D322A238B9900AE71B9 /* MediaExp02Mac.entitlements */,
				450A1D2F2A238B9900AE71B9 /* Preview Content */,
			);
			path = MediaExp02Mac;
			sourceTree = "<group>";
		};
		450A1D2F2A238B9900AE71B9 /* Preview Content */ = {
			isa = PBXGroup;
			children = (
				450A1D302A238B9900AE71B9 /* Preview Assets.xcassets */,
			);
			path = "Preview Content";
			sourceTree = "<group>";
		};
		450A1D3A2A238B9900AE71B9 /* MediaExp02MacTests */ = {
			isa = PBXGroup;
			children = (
				450A1D3B2A238B9900AE71B9 /* MediaExp02MacTests.swift */,
			);
			path = MediaExp02MacTests;
			sourceTree = "<group>";
		};
		450A1D442A238B9900AE71B9 /* MediaExp02MacUITests */ = {
			isa = PBXGroup;
			children = (
				450A1D452A238B9900AE71B9 /* MediaExp02MacUITests.swift */,
				450A1D472A238B9900AE71B9 /* MediaExp02MacUITestsLaunchTests.swift */,
			);
			path = MediaExp02MacUITests;
			sourceTree = "<group>";
		};
		450A1D612A23930100AE71B9 /* MediaExp02Server */ = {
			isa = PBXGroup;
			children = (
				450A1D8B2A23AD0400AE71B9 /* Resources */,
				450A1D892A23AB7700AE71B9 /* socket.swift */,
				450A1D622A23930100AE71B9 /* main.swift */,
			);
			path = MediaExp02Server;
			sourceTree = "<group>";
		};
		450A1D8B2A23AD0400AE71B9 /* Resources */ = {
			isa = PBXGroup;
			children = (
				450A1D702A23932B00AE71B9 /* 1.bin */,
				450A1D682A23932B00AE71B9 /* 2.bin */,
				450A1D6A2A23932B00AE71B9 /* 3.bin */,
				450A1D6D2A23932B00AE71B9 /* 4.bin */,
				450A1D712A23932B00AE71B9 /* 5.bin */,
				450A1D6B2A23932B00AE71B9 /* 6.bin */,
				450A1D692A23932B00AE71B9 /* 7.bin */,
				450A1D6C2A23932B00AE71B9 /* 8.bin */,
				450A1D6E2A23932B00AE71B9 /* 9.bin */,
				450A1D6F2A23932B00AE71B9 /* 10.bin */,
			);
			path = Resources;
			sourceTree = "<group>";
		};
		450A1D912A23B81200AE71B9 /* MediaExp02Client */ = {
			isa = PBXGroup;
			children = (
				450A1D922A23B81200AE71B9 /* main.swift */,
			);
			path = MediaExp02Client;
			sourceTree = "<group>";
		};
/* End PBXGroup section */

/* Begin PBXNativeTarget section */
		450A1D252A238B9700AE71B9 /* MediaExp02Mac */ = {
			isa = PBXNativeTarget;
			buildConfigurationList = 450A1D4B2A238B9900AE71B9 /* Build configuration list for PBXNativeTarget "MediaExp02Mac" */;
			buildPhases = (
				450A1D222A238B9700AE71B9 /* Sources */,
				450A1D232A238B9700AE71B9 /* Frameworks */,
				450A1D242A238B9700AE71B9 /* Resources */,
			);
			buildRules = (
			);
			dependencies = (
			);
			name = MediaExp02Mac;
			productName = MediaExp02Mac;
			productReference = 450A1D262A238B9700AE71B9 /* MediaExp02Mac.app */;
			productType = "com.apple.product-type.application";
		};
		450A1D362A238B9900AE71B9 /* MediaExp02MacTests */ = {
			isa = PBXNativeTarget;
			buildConfigurationList = 450A1D4E2A238B9900AE71B9 /* Build configuration list for PBXNativeTarget "MediaExp02MacTests" */;
			buildPhases = (
				450A1D332A238B9900AE71B9 /* Sources */,
				450A1D342A238B9900AE71B9 /* Frameworks */,
				450A1D352A238B9900AE71B9 /* Resources */,
			);
			buildRules = (
			);
			dependencies = (
				450A1D392A238B9900AE71B9 /* PBXTargetDependency */,
			);
			name = MediaExp02MacTests;
			productName = MediaExp02MacTests;
			productReference = 450A1D372A238B9900AE71B9 /* MediaExp02MacTests.xctest */;
			productType = "com.apple.product-type.bundle.unit-test";
		};
		450A1D402A238B9900AE71B9 /* MediaExp02MacUITests */ = {
			isa = PBXNativeTarget;
			buildConfigurationList = 450A1D512A238B9900AE71B9 /* Build configuration list for PBXNativeTarget "MediaExp02MacUITests" */;
			buildPhases = (
				450A1D3D2A238B9900AE71B9 /* Sources */,
				450A1D3E2A238B9900AE71B9 /* Frameworks */,
				450A1D3F2A238B9900AE71B9 /* Resources */,
			);
			buildRules = (
			);
			dependencies = (
				450A1D432A238B9900AE71B9 /* PBXTargetDependency */,
			);
			name = MediaExp02MacUITests;
			productName = MediaExp02MacUITests;
			productReference = 450A1D412A238B9900AE71B9 /* MediaExp02MacUITests.xctest */;
			productType = "com.apple.product-type.bundle.ui-testing";
		};
		450A1D5F2A23930100AE71B9 /* MediaExp02Server */ = {
			isa = PBXNativeTarget;
			buildConfigurationList = 450A1D642A23930100AE71B9 /* Build configuration list for PBXNativeTarget "MediaExp02Server" */;
			buildPhases = (
				450A1D5C2A23930100AE71B9 /* Sources */,
				450A1D5D2A23930100AE71B9 /* Frameworks */,
				450A1D5E2A23930100AE71B9 /* CopyFiles */,
				450A1D7C2A2396A300AE71B9 /* Resources */,
			);
			buildRules = (
			);
			dependencies = (
			);
			name = MediaExp02Server;
			productName = MediaExp02Client;
			productReference = 450A1D602A23930100AE71B9 /* MediaExp02Server */;
			productType = "com.apple.product-type.tool";
		};
		450A1D8F2A23B81200AE71B9 /* MediaExp02Client */ = {
			isa = PBXNativeTarget;
			buildConfigurationList = 450A1D942A23B81200AE71B9 /* Build configuration list for PBXNativeTarget "MediaExp02Client" */;
			buildPhases = (
				450A1D8C2A23B81200AE71B9 /* Sources */,
				450A1D8D2A23B81200AE71B9 /* Frameworks */,
				450A1D8E2A23B81200AE71B9 /* CopyFiles */,
			);
			buildRules = (
			);
			dependencies = (
			);
			name = MediaExp02Client;
			productName = MediaExp02Client;
			productReference = 450A1D902A23B81200AE71B9 /* MediaExp02Client */;
			productType = "com.apple.product-type.tool";
		};
/* End PBXNativeTarget section */

/* Begin PBXProject section */
		450A1D1E2A238B9700AE71B9 /* Project object */ = {
			isa = PBXProject;
			attributes = {
				BuildIndependentTargetsInParallel = 1;
				LastSwiftUpdateCheck = 1430;
				LastUpgradeCheck = 1430;
				TargetAttributes = {
					450A1D252A238B9700AE71B9 = {
						CreatedOnToolsVersion = 14.3;
					};
					450A1D362A238B9900AE71B9 = {
						CreatedOnToolsVersion = 14.3;
						TestTargetID = 450A1D252A238B9700AE71B9;
					};
					450A1D402A238B9900AE71B9 = {
						CreatedOnToolsVersion = 14.3;
						TestTargetID = 450A1D252A238B9700AE71B9;
					};
					450A1D5F2A23930100AE71B9 = {
						CreatedOnToolsVersion = 14.3;
					};
					450A1D8F2A23B81200AE71B9 = {
						CreatedOnToolsVersion = 14.3;
					};
				};
			};
			buildConfigurationList = 450A1D212A238B9700AE71B9 /* Build configuration list for PBXProject "MediaExp02Mac" */;
			compatibilityVersion = "Xcode 14.0";
			developmentRegion = en;
			hasScannedForEncodings = 0;
			knownRegions = (
				en,
				Base,
			);
			mainGroup = 450A1D1D2A238B9700AE71B9;
			productRefGroup = 450A1D272A238B9700AE71B9 /* Products */;
			projectDirPath = "";
			projectRoot = "";
			targets = (
				450A1D252A238B9700AE71B9 /* MediaExp02Mac */,
				450A1D362A238B9900AE71B9 /* MediaExp02MacTests */,
				450A1D402A238B9900AE71B9 /* MediaExp02MacUITests */,
				450A1D5F2A23930100AE71B9 /* MediaExp02Server */,
				450A1D8F2A23B81200AE71B9 /* MediaExp02Client */,
			);
		};
/* End PBXProject section */

/* Begin PBXResourcesBuildPhase section */
		450A1D242A238B9700AE71B9 /* Resources */ = {
			isa = PBXResourcesBuildPhase;
			buildActionMask = 2147483647;
			files = (
				450A1D592A238DBE00AE71B9 /* TAppDecoder in Resources */,
				450A1D312A238B9900AE71B9 /* Preview Assets.xcassets in Resources */,
				450A1D2E2A238B9900AE71B9 /* Assets.xcassets in Resources */,
			);
			runOnlyForDeploymentPostprocessing = 0;
		};
		450A1D352A238B9900AE71B9 /* Resources */ = {
			isa = PBXResourcesBuildPhase;
			buildActionMask = 2147483647;
			files = (
			);
			runOnlyForDeploymentPostprocessing = 0;
		};
		450A1D3F2A238B9900AE71B9 /* Resources */ = {
			isa = PBXResourcesBuildPhase;
			buildActionMask = 2147483647;
			files = (
			);
			runOnlyForDeploymentPostprocessing = 0;
		};
		450A1D7C2A2396A300AE71B9 /* Resources */ = {
			isa = PBXResourcesBuildPhase;
			buildActionMask = 2147483647;
			files = (
				450A1D7D2A2396B700AE71B9 /* 1.bin in Resources */,
				450A1D7E2A2396B700AE71B9 /* 2.bin in Resources */,
				450A1D7F2A2396B700AE71B9 /* 3.bin in Resources */,
				450A1D802A2396B700AE71B9 /* 4.bin in Resources */,
				450A1D812A2396B700AE71B9 /* 5.bin in Resources */,
				450A1D822A2396B700AE71B9 /* 6.bin in Resources */,
				450A1D832A2396B700AE71B9 /* 7.bin in Resources */,
				450A1D842A2396B700AE71B9 /* 8.bin in Resources */,
				450A1D852A2396B700AE71B9 /* 9.bin in Resources */,
				450A1D862A2396B700AE71B9 /* 10.bin in Resources */,
			);
			runOnlyForDeploymentPostprocessing = 0;
		};
/* End PBXResourcesBuildPhase section */

/* Begin PBXSourcesBuildPhase section */
		450A1D222A238B9700AE71B9 /* Sources */ = {
			isa = PBXSourcesBuildPhase;
			buildActionMask = 2147483647;
			files = (
				45E29D902A246F7600FE2B1E /* MediaViewModel.swift in Sources */,
				450A1D982A23C3F500AE71B9 /* socket.swift in Sources */,
				450A1D2C2A238B9700AE71B9 /* ContentView.swift in Sources */,
				450A1D552A238BBE00AE71B9 /* Decoder.swift in Sources */,
				450A1D2A2A238B9700AE71B9 /* MediaExp02MacApp.swift in Sources */,
				45E29D922A24915800FE2B1E /* Frames.swift in Sources */,
			);
			runOnlyForDeploymentPostprocessing = 0;
		};
		450A1D332A238B9900AE71B9 /* Sources */ = {
			isa = PBXSourcesBuildPhase;
			buildActionMask = 2147483647;
			files = (
				450A1D3C2A238B9900AE71B9 /* MediaExp02MacTests.swift in Sources */,
			);
			runOnlyForDeploymentPostprocessing = 0;
		};
		450A1D3D2A238B9900AE71B9 /* Sources */ = {
			isa = PBXSourcesBuildPhase;
			buildActionMask = 2147483647;
			files = (
				450A1D462A238B9900AE71B9 /* MediaExp02MacUITests.swift in Sources */,
				450A1D482A238B9900AE71B9 /* MediaExp02MacUITestsLaunchTests.swift in Sources */,
			);
			runOnlyForDeploymentPostprocessing = 0;
		};
		450A1D5C2A23930100AE71B9 /* Sources */ = {
			isa = PBXSourcesBuildPhase;
			buildActionMask = 2147483647;
			files = (
				450A1D8A2A23AB7700AE71B9 /* socket.swift in Sources */,
				450A1D632A23930100AE71B9 /* main.swift in Sources */,
			);
			runOnlyForDeploymentPostprocessing = 0;
		};
		450A1D8C2A23B81200AE71B9 /* Sources */ = {
			isa = PBXSourcesBuildPhase;
			buildActionMask = 2147483647;
			files = (
				450A1D972A23B82700AE71B9 /* socket.swift in Sources */,
				450A1D932A23B81200AE71B9 /* main.swift in Sources */,
			);
			runOnlyForDeploymentPostprocessing = 0;
		};
/* End PBXSourcesBuildPhase section */

/* Begin PBXTargetDependency section */
		450A1D392A238B9900AE71B9 /* PBXTargetDependency */ = {
			isa = PBXTargetDependency;
			target = 450A1D252A238B9700AE71B9 /* MediaExp02Mac */;
			targetProxy = 450A1D382A238B9900AE71B9 /* PBXContainerItemProxy */;
		};
		450A1D432A238B9900AE71B9 /* PBXTargetDependency */ = {
			isa = PBXTargetDependency;
			target = 450A1D252A238B9700AE71B9 /* MediaExp02Mac */;
			targetProxy = 450A1D422A238B9900AE71B9 /* PBXContainerItemProxy */;
		};
/* End PBXTargetDependency section */

/* Begin XCBuildConfiguration section */
		450A1D492A238B9900AE71B9 /* Debug */ = {
			isa = XCBuildConfiguration;
			buildSettings = {
				ALWAYS_SEARCH_USER_PATHS = NO;
				CLANG_ANALYZER_NONNULL = YES;
				CLANG_ANALYZER_NUMBER_OBJECT_CONVERSION = YES_AGGRESSIVE;
				CLANG_CXX_LANGUAGE_STANDARD = "gnu++20";
				CLANG_ENABLE_MODULES = YES;
				CLANG_ENABLE_OBJC_ARC = YES;
				CLANG_ENABLE_OBJC_WEAK = YES;
				CLANG_WARN_BLOCK_CAPTURE_AUTORELEASING = YES;
				CLANG_WARN_BOOL_CONVERSION = YES;
				CLANG_WARN_COMMA = YES;
				CLANG_WARN_CONSTANT_CONVERSION = YES;
				CLANG_WARN_DEPRECATED_OBJC_IMPLEMENTATIONS = YES;
				CLANG_WARN_DIRECT_OBJC_ISA_USAGE = YES_ERROR;
				CLANG_WARN_DOCUMENTATION_COMMENTS = YES;
				CLANG_WARN_EMPTY_BODY = YES;
				CLANG_WARN_ENUM_CONVERSION = YES;
				CLANG_WARN_INFINITE_RECURSION = YES;
				CLANG_WARN_INT_CONVERSION = YES;
				CLANG_WARN_NON_LITERAL_NULL_CONVERSION = YES;
				CLANG_WARN_OBJC_IMPLICIT_RETAIN_SELF = YES;
				CLANG_WARN_OBJC_LITERAL_CONVERSION = YES;
				CLANG_WARN_OBJC_ROOT_CLASS = YES_ERROR;
				CLANG_WARN_QUOTED_INCLUDE_IN_FRAMEWORK_HEADER = YES;
				CLANG_WARN_RANGE_LOOP_ANALYSIS = YES;
				CLANG_WARN_STRICT_PROTOTYPES = YES;
				CLANG_WARN_SUSPICIOUS_MOVE = YES;
				CLANG_WARN_UNGUARDED_AVAILABILITY = YES_AGGRESSIVE;
				CLANG_WARN_UNREACHABLE_CODE = YES;
				CLANG_WARN__DUPLICATE_METHOD_MATCH = YES;
				COPY_PHASE_STRIP = NO;
				DEBUG_INFORMATION_FORMAT = dwarf;
				ENABLE_STRICT_OBJC_MSGSEND = YES;
				ENABLE_TESTABILITY = YES;
				GCC_C_LANGUAGE_STANDARD = gnu11;
				GCC_DYNAMIC_NO_PIC = NO;
				GCC_NO_COMMON_BLOCKS = YES;
				GCC_OPTIMIZATION_LEVEL = 0;
				GCC_PREPROCESSOR_DEFINITIONS = (
					"DEBUG=1",
					"$(inherited)",
				);
				GCC_WARN_64_TO_32_BIT_CONVERSION = YES;
				GCC_WARN_ABOUT_RETURN_TYPE = YES_ERROR;
				GCC_WARN_UNDECLARED_SELECTOR = YES;
				GCC_WARN_UNINITIALIZED_AUTOS = YES_AGGRESSIVE;
				GCC_WARN_UNUSED_FUNCTION = YES;
				GCC_WARN_UNUSED_VARIABLE = YES;
				MACOSX_DEPLOYMENT_TARGET = 13.3;
				MTL_ENABLE_DEBUG_INFO = INCLUDE_SOURCE;
				MTL_FAST_MATH = YES;
				ONLY_ACTIVE_ARCH = YES;
				SDKROOT = macosx;
				SWIFT_ACTIVE_COMPILATION_CONDITIONS = DEBUG;
				SWIFT_OPTIMIZATION_LEVEL = "-Onone";
			};
			name = Debug;
		};
		450A1D4A2A238B9900AE71B9 /* Release */ = {
			isa = XCBuildConfiguration;
			buildSettings = {
				ALWAYS_SEARCH_USER_PATHS = NO;
				CLANG_ANALYZER_NONNULL = YES;
				CLANG_ANALYZER_NUMBER_OBJECT_CONVERSION = YES_AGGRESSIVE;
				CLANG_CXX_LANGUAGE_STANDARD = "gnu++20";
				CLANG_ENABLE_MODULES = YES;
				CLANG_ENABLE_OBJC_ARC = YES;
				CLANG_ENABLE_OBJC_WEAK = YES;
				CLANG_WARN_BLOCK_CAPTURE_AUTORELEASING = YES;
				CLANG_WARN_BOOL_CONVERSION = YES;
				CLANG_WARN_COMMA = YES;
				CLANG_WARN_CONSTANT_CONVERSION = YES;
				CLANG_WARN_DEPRECATED_OBJC_IMPLEMENTATIONS = YES;
				CLANG_WARN_DIRECT_OBJC_ISA_USAGE = YES_ERROR;
				CLANG_WARN_DOCUMENTATION_COMMENTS = YES;
				CLANG_WARN_EMPTY_BODY = YES;
				CLANG_WARN_ENUM_CONVERSION = YES;
				CLANG_WARN_INFINITE_RECURSION = YES;
				CLANG_WARN_INT_CONVERSION = YES;
				CLANG_WARN_NON_LITERAL_NULL_CONVERSION = YES;
				CLANG_WARN_OBJC_IMPLICIT_RETAIN_SELF = YES;
				CLANG_WARN_OBJC_LITERAL_CONVERSION = YES;
				CLANG_WARN_OBJC_ROOT_CLASS = YES_ERROR;
				CLANG_WARN_QUOTED_INCLUDE_IN_FRAMEWORK_HEADER = YES;
				CLANG_WARN_RANGE_LOOP_ANALYSIS = YES;
				CLANG_WARN_STRICT_PROTOTYPES = YES;
				CLANG_WARN_SUSPICIOUS_MOVE = YES;
				CLANG_WARN_UNGUARDED_AVAILABILITY = YES_AGGRESSIVE;
				CLANG_WARN_UNREACHABLE_CODE = YES;
				CLANG_WARN__DUPLICATE_METHOD_MATCH = YES;
				COPY_PHASE_STRIP = NO;
				DEBUG_INFORMATION_FORMAT = "dwarf-with-dsym";
				ENABLE_NS_ASSERTIONS = NO;
				ENABLE_STRICT_OBJC_MSGSEND = YES;
				GCC_C_LANGUAGE_STANDARD = gnu11;
				GCC_NO_COMMON_BLOCKS = YES;
				GCC_WARN_64_TO_32_BIT_CONVERSION = YES;
				GCC_WARN_ABOUT_RETURN_TYPE = YES_ERROR;
				GCC_WARN_UNDECLARED_SELECTOR = YES;
				GCC_WARN_UNINITIALIZED_AUTOS = YES_AGGRESSIVE;
				GCC_WARN_UNUSED_FUNCTION = YES;
				GCC_WARN_UNUSED_VARIABLE = YES;
				MACOSX_DEPLOYMENT_TARGET = 13.3;
				MTL_ENABLE_DEBUG_INFO = NO;
				MTL_FAST_MATH = YES;
				SDKROOT = macosx;
				SWIFT_COMPILATION_MODE = wholemodule;
				SWIFT_OPTIMIZATION_LEVEL = "-O";
			};
			name = Release;
		};
		450A1D4C2A238B9900AE71B9 /* Debug */ = {
			isa = XCBuildConfiguration;
			buildSettings = {
				ASSETCATALOG_COMPILER_APPICON_NAME = AppIcon;
				ASSETCATALOG_COMPILER_GLOBAL_ACCENT_COLOR_NAME = AccentColor;
				CODE_SIGN_ENTITLEMENTS = MediaExp02Mac/MediaExp02Mac.entitlements;
				"CODE_SIGN_IDENTITY[sdk=macosx*]" = "Apple Development";
				CODE_SIGN_STYLE = Automatic;
				COMBINE_HIDPI_IMAGES = YES;
				CURRENT_PROJECT_VERSION = 1;
				DEVELOPMENT_ASSET_PATHS = "\"MediaExp02Mac/Preview Content\"";
				DEVELOPMENT_TEAM = 2F4698C227;
				ENABLE_HARDENED_RUNTIME = YES;
				ENABLE_PREVIEWS = YES;
				GENERATE_INFOPLIST_FILE = YES;
				INFOPLIST_KEY_NSHumanReadableCopyright = "";
				LD_RUNPATH_SEARCH_PATHS = (
					"$(inherited)",
					"@executable_path/../Frameworks",
				);
				MARKETING_VERSION = 1.0;
				PRODUCT_BUNDLE_IDENTIFIER = meqt.iOSClub.MediaExp02Mac;
				PRODUCT_NAME = "$(TARGET_NAME)";
				SWIFT_EMIT_LOC_STRINGS = YES;
				SWIFT_VERSION = 5.0;
			};
			name = Debug;
		};
		450A1D4D2A238B9900AE71B9 /* Release */ = {
			isa = XCBuildConfiguration;
			buildSettings = {
				ASSETCATALOG_COMPILER_APPICON_NAME = AppIcon;
				ASSETCATALOG_COMPILER_GLOBAL_ACCENT_COLOR_NAME = AccentColor;
				CODE_SIGN_ENTITLEMENTS = MediaExp02Mac/MediaExp02Mac.entitlements;
				"CODE_SIGN_IDENTITY[sdk=macosx*]" = "Apple Development";
				CODE_SIGN_STYLE = Automatic;
				COMBINE_HIDPI_IMAGES = YES;
				CURRENT_PROJECT_VERSION = 1;
				DEVELOPMENT_ASSET_PATHS = "\"MediaExp02Mac/Preview Content\"";
				DEVELOPMENT_TEAM = 2F4698C227;
				ENABLE_HARDENED_RUNTIME = YES;
				ENABLE_PREVIEWS = YES;
				GENERATE_INFOPLIST_FILE = YES;
				INFOPLIST_KEY_NSHumanReadableCopyright = "";
				LD_RUNPATH_SEARCH_PATHS = (
					"$(inherited)",
					"@executable_path/../Frameworks",
				);
				MARKETING_VERSION = 1.0;
				PRODUCT_BUNDLE_IDENTIFIER = meqt.iOSClub.MediaExp02Mac;
				PRODUCT_NAME = "$(TARGET_NAME)";
				SWIFT_EMIT_LOC_STRINGS = YES;
				SWIFT_VERSION = 5.0;
			};
			name = Release;
		};
		450A1D4F2A238B9900AE71B9 /* Debug */ = {
			isa = XCBuildConfiguration;
			buildSettings = {
				ALWAYS_EMBED_SWIFT_STANDARD_LIBRARIES = YES;
				BUNDLE_LOADER = "$(TEST_HOST)";
				CODE_SIGN_STYLE = Automatic;
				CURRENT_PROJECT_VERSION = 1;
				DEVELOPMENT_TEAM = 2F4698C227;
				GENERATE_INFOPLIST_FILE = YES;
				MACOSX_DEPLOYMENT_TARGET = 13.3;
				MARKETING_VERSION = 1.0;
				PRODUCT_BUNDLE_IDENTIFIER = meqt.iOSClub.MediaExp02MacTests;
				PRODUCT_NAME = "$(TARGET_NAME)";
				SWIFT_EMIT_LOC_STRINGS = NO;
				SWIFT_VERSION = 5.0;
				TEST_HOST = "$(BUILT_PRODUCTS_DIR)/MediaExp02Mac.app/$(BUNDLE_EXECUTABLE_FOLDER_PATH)/MediaExp02Mac";
			};
			name = Debug;
		};
		450A1D502A238B9900AE71B9 /* Release */ = {
			isa = XCBuildConfiguration;
			buildSettings = {
				ALWAYS_EMBED_SWIFT_STANDARD_LIBRARIES = YES;
				BUNDLE_LOADER = "$(TEST_HOST)";
				CODE_SIGN_STYLE = Automatic;
				CURRENT_PROJECT_VERSION = 1;
				DEVELOPMENT_TEAM = 2F4698C227;
				GENERATE_INFOPLIST_FILE = YES;
				MACOSX_DEPLOYMENT_TARGET = 13.3;
				MARKETING_VERSION = 1.0;
				PRODUCT_BUNDLE_IDENTIFIER = meqt.iOSClub.MediaExp02MacTests;
				PRODUCT_NAME = "$(TARGET_NAME)";
				SWIFT_EMIT_LOC_STRINGS = NO;
				SWIFT_VERSION = 5.0;
				TEST_HOST = "$(BUILT_PRODUCTS_DIR)/MediaExp02Mac.app/$(BUNDLE_EXECUTABLE_FOLDER_PATH)/MediaExp02Mac";
			};
			name = Release;
		};
		450A1D522A238B9900AE71B9 /* Debug */ = {
			isa = XCBuildConfiguration;
			buildSettings = {
				ALWAYS_EMBED_SWIFT_STANDARD_LIBRARIES = YES;
				CODE_SIGN_STYLE = Automatic;
				CURRENT_PROJECT_VERSION = 1;
				DEVELOPMENT_TEAM = 2F4698C227;
				GENERATE_INFOPLIST_FILE = YES;
				MARKETING_VERSION = 1.0;
				PRODUCT_BUNDLE_IDENTIFIER = meqt.iOSClub.MediaExp02MacUITests;
				PRODUCT_NAME = "$(TARGET_NAME)";
				SWIFT_EMIT_LOC_STRINGS = NO;
				SWIFT_VERSION = 5.0;
				TEST_TARGET_NAME = MediaExp02Mac;
			};
			name = Debug;
		};
		450A1D532A238B9900AE71B9 /* Release */ = {
			isa = XCBuildConfiguration;
			buildSettings = {
				ALWAYS_EMBED_SWIFT_STANDARD_LIBRARIES = YES;
				CODE_SIGN_STYLE = Automatic;
				CURRENT_PROJECT_VERSION = 1;
				DEVELOPMENT_TEAM = 2F4698C227;
				GENERATE_INFOPLIST_FILE = YES;
				MARKETING_VERSION = 1.0;
				PRODUCT_BUNDLE_IDENTIFIER = meqt.iOSClub.MediaExp02MacUITests;
				PRODUCT_NAME = "$(TARGET_NAME)";
				SWIFT_EMIT_LOC_STRINGS = NO;
				SWIFT_VERSION = 5.0;
				TEST_TARGET_NAME = MediaExp02Mac;
			};
			name = Release;
		};
		450A1D652A23930100AE71B9 /* Debug */ = {
			isa = XCBuildConfiguration;
			buildSettings = {
				CODE_SIGN_STYLE = Automatic;
				DEVELOPMENT_TEAM = 2F4698C227;
				ENABLE_HARDENED_RUNTIME = YES;
				PRODUCT_NAME = "$(TARGET_NAME)";
				SWIFT_VERSION = 5.0;
			};
			name = Debug;
		};
		450A1D662A23930100AE71B9 /* Release */ = {
			isa = XCBuildConfiguration;
			buildSettings = {
				CODE_SIGN_STYLE = Automatic;
				DEVELOPMENT_TEAM = 2F4698C227;
				ENABLE_HARDENED_RUNTIME = YES;
				PRODUCT_NAME = "$(TARGET_NAME)";
				SWIFT_VERSION = 5.0;
			};
			name = Release;
		};
		450A1D952A23B81200AE71B9 /* Debug */ = {
			isa = XCBuildConfiguration;
			buildSettings = {
				CODE_SIGN_STYLE = Automatic;
				DEVELOPMENT_TEAM = 2F4698C227;
				ENABLE_HARDENED_RUNTIME = YES;
				PRODUCT_NAME = "$(TARGET_NAME)";
				SWIFT_VERSION = 5.0;
			};
			name = Debug;
		};
		450A1D962A23B81200AE71B9 /* Release */ = {
			isa = XCBuildConfiguration;
			buildSettings = {
				CODE_SIGN_STYLE = Automatic;
				DEVELOPMENT_TEAM = 2F4698C227;
				ENABLE_HARDENED_RUNTIME = YES;
				PRODUCT_NAME = "$(TARGET_NAME)";
				SWIFT_VERSION = 5.0;
			};
			name = Release;
		};
/* End XCBuildConfiguration section */

/* Begin XCConfigurationList section */
		450A1D212A238B9700AE71B9 /* Build configuration list for PBXProject "MediaExp02Mac" */ = {
			isa = XCConfigurationList;
			buildConfigurations = (
				450A1D492A238B9900AE71B9 /* Debug */,
				450A1D4A2A238B9900AE71B9 /* Release */,
			);
			defaultConfigurationIsVisible = 0;
			defaultConfigurationName = Release;
		};
		450A1D4B2A238B9900AE71B9 /* Build configuration list for PBXNativeTarget "MediaExp02Mac" */ = {
			isa = XCConfigurationList;
			buildConfigurations = (
				450A1D4C2A238B9900AE71B9 /* Debug */,
				450A1D4D2A238B9900AE71B9 /* Release */,
			);
			defaultConfigurationIsVisible = 0;
			defaultConfigurationName = Release;
		};
		450A1D4E2A238B9900AE71B9 /* Build configuration list for PBXNativeTarget "MediaExp02MacTests" */ = {
			isa = XCConfigurationList;
			buildConfigurations = (
				450A1D4F2A238B9900AE71B9 /* Debug */,
				450A1D502A238B9900AE71B9 /* Release */,
			);
			defaultConfigurationIsVisible = 0;
			defaultConfigurationName = Release;
		};
		450A1D512A238B9900AE71B9 /* Build configuration list for PBXNativeTarget "MediaExp02MacUITests" */ = {
			isa = XCConfigurationList;
			buildConfigurations = (
				450A1D522A238B9900AE71B9 /* Debug */,
				450A1D532A238B9900AE71B9 /* Release */,
			);
			defaultConfigurationIsVisible = 0;
			defaultConfigurationName = Release;
		};
		450A1D642A23930100AE71B9 /* Build configuration list for PBXNativeTarget "MediaExp02Server" */ = {
			isa = XCConfigurationList;
			buildConfigurations = (
				450A1D652A23930100AE71B9 /* Debug */,
				450A1D662A23930100AE71B9 /* Release */,
			);
			defaultConfigurationIsVisible = 0;
			defaultConfigurationName = Release;
		};
		450A1D942A23B81200AE71B9 /* Build configuration list for PBXNativeTarget "MediaExp02Client" */ = {
			isa = XCConfigurationList;
			buildConfigurations = (
				450A1D952A23B81200AE71B9 /* Debug */,
				450A1D962A23B81200AE71B9 /* Release */,
			);
			defaultConfigurationIsVisible = 0;
			defaultConfigurationName = Release;
		};
/* End XCConfigurationList section */
	};
	rootObject = 450A1D1E2A238B9700AE71B9 /* Project object */;
}
